
Microsoft Visual Studio Solution File, Format Version 12.00
# Visual Studio Version 16
VisualStudioVersion = 16.0.31729.503
MinimumVisualStudioVersion = 10.0.40219.1
Project("{FAE04EC0-301F-11D3-BF4B-00C04F79EFBC}") = "WebApplication 2", "WebApplication 2\WebApplication 2.csproj", "{8EC09A9C-E30B-4320-8EDF-28B19B4961A1}"
EndProject
Global
	GlobalSection(SolutionConfigurationPlatforms) = preSolution
		Debug|Any CPU = Debug|Any CPU
		Release|Any CPU = Release|Any CPU
	EndGlobalSection
	GlobalSection(ProjectConfigurationPlatforms) = postSolution
		{8EC09A9C-E30B-4320-8EDF-28B19B4961A1}.Debug|Any CPU.ActiveCfg = Debug|Any CPU
		{8EC09A9C-E30B-4320-8EDF-28B19B4961A1}.Debug|Any CPU.Build.0 = Debug|Any CPU
		{8EC09A9C-E30B-4320-8EDF-28B19B4961A1}.Release|Any CPU.ActiveCfg = Release|Any CPU
		{8EC09A9C-E30B-4320-8EDF-28B19B4961A1}.Release|Any CPU.Build.0 = Release|Any CPU
	EndGlobalSection
	GlobalSection(SolutionProperties) = preSolution
		HideSolutionNode = FALSE
	EndGlobalSection
	GlobalSection(ExtensibilityGlobals) = postSolution
		SolutionGuid = {0C508BE9-8DA9-45BA-8D61-0F166AA45D14}
	EndGlobalSection
EndGlobal
